
Microsoft Visual Studio Solution File, Format Version 12.00
# Visual Studio Version 16
VisualStudioVersion = 16.0.32002.261
MinimumVisualStudioVersion = 10.0.40219.1
Project("{FAE04EC0-301F-11D3-BF4B-00C04F79EFBC}") = "MetabolismSim", "MetabolismSim.csproj", "{DD34D27F-A7FD-4251-97C4-41C0141A9CBA}"
EndProject
Global
	GlobalSection(SolutionConfigurationPlatforms) = preSolution
		Debug|Any CPU = Debug|Any CPU
		Release|Any CPU = Release|Any CPU
	EndGlobalSection
	GlobalSection(ProjectConfigurationPlatforms) = postSolution
		{DD34D27F-A7FD-4251-97C4-41C0141A9CBA}.Debug|Any CPU.ActiveCfg = Debug|Any CPU
		{DD34D27F-A7FD-4251-97C4-41C0141A9CBA}.Debug|Any CPU.Build.0 = Debug|Any CPU
		{DD34D27F-A7FD-4251-97C4-41C0141A9CBA}.Release|Any CPU.ActiveCfg = Release|Any CPU
		{DD34D27F-A7FD-4251-97C4-41C0141A9CBA}.Release|Any CPU.Build.0 = Release|Any CPU
	EndGlobalSection
	GlobalSection(SolutionProperties) = preSolution
		HideSolutionNode = FALSE
	EndGlobalSection
	GlobalSection(ExtensibilityGlobals) = postSolution
		SolutionGuid = {75FC1D90-AF7A-4F66-B58E-7F5A16486053}
	EndGlobalSection
EndGlobal
